
Microsoft Visual Studio Solution File, Format Version 12.00
# Visual Studio Version 16
VisualStudioVersion = 25.0.1706.6
MinimumVisualStudioVersion = 10.0.40219.1
Project("{FAE04EC0-301F-11D3-BF4B-00C04F79EFBC}") = "MvcPractice", "MvcPractice\MvcPractice.csproj", "{E8EF6B1F-5482-4385-BB3D-E6E210B62492}"
EndProject
Global
	GlobalSection(SolutionConfigurationPlatforms) = preSolution
		Debug|Any CPU = Debug|Any CPU
		Release|Any CPU = Release|Any CPU
	EndGlobalSection
	GlobalSection(ProjectConfigurationPlatforms) = postSolution
		{E8EF6B1F-5482-4385-BB3D-E6E210B62492}.Debug|Any CPU.ActiveCfg = Debug|Any CPU
		{E8EF6B1F-5482-4385-BB3D-E6E210B62492}.Debug|Any CPU.Build.0 = Debug|Any CPU
		{E8EF6B1F-5482-4385-BB3D-E6E210B62492}.Release|Any CPU.ActiveCfg = Release|Any CPU
		{E8EF6B1F-5482-4385-BB3D-E6E210B62492}.Release|Any CPU.Build.0 = Release|Any CPU
	EndGlobalSection
	GlobalSection(SolutionProperties) = preSolution
		HideSolutionNode = FALSE
	EndGlobalSection
	GlobalSection(ExtensibilityGlobals) = postSolution
		SolutionGuid = {7F2439A4-7C59-4160-9271-CC9FF7445A83}
	EndGlobalSection
EndGlobal
